
Microsoft Visual Studio Solution File, Format Version 12.00
# Visual Studio Version 16
VisualStudioVersion = 16.0.31605.320
MinimumVisualStudioVersion = 10.0.40219.1
Project("{FAE04EC0-301F-11D3-BF4B-00C04F79EFBC}") = "Scanmed.Android", "Scanmed.Android\Scanmed.Android.csproj", "{DCFA8640-7795-426B-BF3D-F013699B8A83}"
EndProject
Project("{FAE04EC0-301F-11D3-BF4B-00C04F79EFBC}") = "Scanmed.iOS", "Scanmed.iOS\Scanmed.iOS.csproj", "{FEAF5031-ADAD-495F-9469-93D72BC3BCBC}"
EndProject
Project("{FAE04EC0-301F-11D3-BF4B-00C04F79EFBC}") = "Scanmed", "Scanmed\Scanmed.csproj", "{BC53D270-893C-440B-BEF5-C856935E1603}"
EndProject
Global
	GlobalSection(SolutionConfigurationPlatforms) = preSolution
		Debug|Any CPU = Debug|Any CPU
		Debug|iPhone = Debug|iPhone
		Debug|iPhoneSimulator = Debug|iPhoneSimulator
		Release|Any CPU = Release|Any CPU
		Release|iPhone = Release|iPhone
		Release|iPhoneSimulator = Release|iPhoneSimulator
	EndGlobalSection
	GlobalSection(ProjectConfigurationPlatforms) = postSolution
		{DCFA8640-7795-426B-BF3D-F013699B8A83}.Debug|Any CPU.ActiveCfg = Debug|Any CPU
		{DCFA8640-7795-426B-BF3D-F013699B8A83}.Debug|Any CPU.Build.0 = Debug|Any CPU
		{DCFA8640-7795-426B-BF3D-F013699B8A83}.Debug|Any CPU.Deploy.0 = Debug|Any CPU
		{DCFA8640-7795-426B-BF3D-F013699B8A83}.Debug|iPhone.ActiveCfg = Debug|Any CPU
		{DCFA8640-7795-426B-BF3D-F013699B8A83}.Debug|iPhone.Build.0 = Debug|Any CPU
		{DCFA8640-7795-426B-BF3D-F013699B8A83}.Debug|iPhone.Deploy.0 = Debug|Any CPU
		{DCFA8640-7795-426B-BF3D-F013699B8A83}.Debug|iPhoneSimulator.ActiveCfg = Debug|Any CPU
		{DCFA8640-7795-426B-BF3D-F013699B8A83}.Debug|iPhoneSimulator.Build.0 = Debug|Any CPU
		{DCFA8640-7795-426B-BF3D-F013699B8A83}.Debug|iPhoneSimulator.Deploy.0 = Debug|Any CPU
		{DCFA8640-7795-426B-BF3D-F013699B8A83}.Release|Any CPU.ActiveCfg = Release|Any CPU
		{DCFA8640-7795-426B-BF3D-F013699B8A83}.Release|Any CPU.Build.0 = Release|Any CPU
		{DCFA8640-7795-426B-BF3D-F013699B8A83}.Release|Any CPU.Deploy.0 = Release|Any CPU
		{DCFA8640-7795-426B-BF3D-F013699B8A83}.Release|iPhone.ActiveCfg = Release|Any CPU
		{DCFA8640-7795-426B-BF3D-F013699B8A83}.Release|iPhone.Build.0 = Release|Any CPU
		{DCFA8640-7795-426B-BF3D-F013699B8A83}.Release|iPhone.Deploy.0 = Release|Any CPU
		{DCFA8640-7795-426B-BF3D-F013699B8A83}.Release|iPhoneSimulator.ActiveCfg = Release|Any CPU
		{DCFA8640-7795-426B-BF3D-F013699B8A83}.Release|iPhoneSimulator.Build.0 = Release|Any CPU
		{DCFA8640-7795-426B-BF3D-F013699B8A83}.Release|iPhoneSimulator.Deploy.0 = Release|Any CPU
		{FEAF5031-ADAD-495F-9469-93D72BC3BCBC}.Debug|Any CPU.ActiveCfg = Debug|iPhone
		{FEAF5031-ADAD-495F-9469-93D72BC3BCBC}.Debug|Any CPU.Build.0 = Debug|iPhone
		{FEAF5031-ADAD-495F-9469-93D72BC3BCBC}.Debug|Any CPU.Deploy.0 = Debug|iPhone
		{FEAF5031-ADAD-495F-9469-93D72BC3BCBC}.Debug|iPhone.ActiveCfg = Debug|iPhone
		{FEAF5031-ADAD-495F-9469-93D72BC3BCBC}.Debug|iPhone.Build.0 = Debug|iPhone
		{FEAF5031-ADAD-495F-9469-93D72BC3BCBC}.Debug|iPhone.Deploy.0 = Debug|iPhone
		{FEAF5031-ADAD-495F-9469-93D72BC3BCBC}.Debug|iPhoneSimulator.ActiveCfg = Debug|iPhoneSimulator
		{FEAF5031-ADAD-495F-9469-93D72BC3BCBC}.Debug|iPhoneSimulator.Build.0 = Debug|iPhoneSimulator
		{FEAF5031-ADAD-495F-9469-93D72BC3BCBC}.Debug|iPhoneSimulator.Deploy.0 = Debug|iPhoneSimulator
		{FEAF5031-ADAD-495F-9469-93D72BC3BCBC}.Release|Any CPU.ActiveCfg = Release|iPhoneSimulator
		{FEAF5031-ADAD-495F-9469-93D72BC3BCBC}.Release|Any CPU.Build.0 = Release|iPhoneSimulator
		{FEAF5031-ADAD-495F-9469-93D72BC3BCBC}.Release|Any CPU.Deploy.0 = Release|iPhoneSimulator
		{FEAF5031-ADAD-495F-9469-93D72BC3BCBC}.Release|iPhone.ActiveCfg = Release|iPhone
		{FEAF5031-ADAD-495F-9469-93D72BC3BCBC}.Release|iPhone.Build.0 = Release|iPhone
		{FEAF5031-ADAD-495F-9469-93D72BC3BCBC}.Release|iPhone.Deploy.0 = Release|iPhone
		{FEAF5031-ADAD-495F-9469-93D72BC3BCBC}.Release|iPhoneSimulator.ActiveCfg = Release|iPhoneSimulator
		{FEAF5031-ADAD-495F-9469-93D72BC3BCBC}.Release|iPhoneSimulator.Build.0 = Release|iPhoneSimulator
		{FEAF5031-ADAD-495F-9469-93D72BC3BCBC}.Release|iPhoneSimulator.Deploy.0 = Release|iPhoneSimulator
		{BC53D270-893C-440B-BEF5-C856935E1603}.Debug|Any CPU.ActiveCfg = Debug|Any CPU
		{BC53D270-893C-440B-BEF5-C856935E1603}.Debug|Any CPU.Build.0 = Debug|Any CPU
		{BC53D270-893C-440B-BEF5-C856935E1603}.Debug|Any CPU.Deploy.0 = Debug|Any CPU
		{BC53D270-893C-440B-BEF5-C856935E1603}.Debug|iPhone.ActiveCfg = Debug|Any CPU
		{BC53D270-893C-440B-BEF5-C856935E1603}.Debug|iPhone.Build.0 = Debug|Any CPU
		{BC53D270-893C-440B-BEF5-C856935E1603}.Debug|iPhone.Deploy.0 = Debug|Any CPU
		{BC53D270-893C-440B-BEF5-C856935E1603}.Debug|iPhoneSimulator.ActiveCfg = Debug|Any CPU
		{BC53D270-893C-440B-BEF5-C856935E1603}.Debug|iPhoneSimulator.Build.0 = Debug|Any CPU
		{BC53D270-893C-440B-BEF5-C856935E1603}.Debug|iPhoneSimulator.Deploy.0 = Debug|Any CPU
		{BC53D270-893C-440B-BEF5-C856935E1603}.Release|Any CPU.ActiveCfg = Release|Any CPU
		{BC53D270-893C-440B-BEF5-C856935E1603}.Release|Any CPU.Build.0 = Release|Any CPU
		{BC53D270-893C-440B-BEF5-C856935E1603}.Release|Any CPU.Deploy.0 = Release|Any CPU
		{BC53D270-893C-440B-BEF5-C856935E1603}.Release|iPhone.ActiveCfg = Release|Any CPU
		{BC53D270-893C-440B-BEF5-C856935E1603}.Release|iPhone.Build.0 = Release|Any CPU
		{BC53D270-893C-440B-BEF5-C856935E1603}.Release|iPhone.Deploy.0 = Release|Any CPU
		{BC53D270-893C-440B-BEF5-C856935E1603}.Release|iPhoneSimulator.ActiveCfg = Release|Any CPU
		{BC53D270-893C-440B-BEF5-C856935E1603}.Release|iPhoneSimulator.Build.0 = Release|Any CPU
		{BC53D270-893C-440B-BEF5-C856935E1603}.Release|iPhoneSimulator.Deploy.0 = Release|Any CPU
	EndGlobalSection
	GlobalSection(SolutionProperties) = preSolution
		HideSolutionNode = FALSE
	EndGlobalSection
	GlobalSection(ExtensibilityGlobals) = postSolution
		SolutionGuid = {5B579FCE-9E09-4154-AC3B-3FD224C43869}
	EndGlobalSection
EndGlobal
